
Microsoft Visual Studio Solution File, Format Version 12.00
# Visual Studio 15
VisualStudioVersion = 15.0.26730.15
MinimumVisualStudioVersion = 10.0.40219.1
Project("{FAE04EC0-301F-11D3-BF4B-00C04F79EFBC}") = "DailyActivities", "2019-01-07 Sportolok\DailyActivities.csproj", "{060F6888-F139-4F4D-B676-8BE01F07CC85}"
EndProject
Global
	GlobalSection(SolutionConfigurationPlatforms) = preSolution
		Debug|Any CPU = Debug|Any CPU
		Release|Any CPU = Release|Any CPU
	EndGlobalSection
	GlobalSection(ProjectConfigurationPlatforms) = postSolution
		{060F6888-F139-4F4D-B676-8BE01F07CC85}.Debug|Any CPU.ActiveCfg = Debug|Any CPU
		{060F6888-F139-4F4D-B676-8BE01F07CC85}.Debug|Any CPU.Build.0 = Debug|Any CPU
		{060F6888-F139-4F4D-B676-8BE01F07CC85}.Release|Any CPU.ActiveCfg = Release|Any CPU
		{060F6888-F139-4F4D-B676-8BE01F07CC85}.Release|Any CPU.Build.0 = Release|Any CPU
	EndGlobalSection
	GlobalSection(SolutionProperties) = preSolution
		HideSolutionNode = FALSE
	EndGlobalSection
	GlobalSection(ExtensibilityGlobals) = postSolution
		SolutionGuid = {691278B2-DC19-4969-8FBA-EA03647C513B}
	EndGlobalSection
EndGlobal
